
Microsoft Visual Studio Solution File, Format Version 12.00
# Visual Studio 15
VisualStudioVersion = 15.0.28307.572
MinimumVisualStudioVersion = 10.0.40219.1
Project("{FAE04EC0-301F-11D3-BF4B-00C04F79EFBC}") = "TestRepo", "TestRepo\TestRepo.csproj", "{67FBD0C3-3EC9-44B3-8968-6C36D14C5372}"
EndProject
Global
	GlobalSection(SolutionConfigurationPlatforms) = preSolution
		Debug|Any CPU = Debug|Any CPU
		Release|Any CPU = Release|Any CPU
	EndGlobalSection
	GlobalSection(ProjectConfigurationPlatforms) = postSolution
		{67FBD0C3-3EC9-44B3-8968-6C36D14C5372}.Debug|Any CPU.ActiveCfg = Debug|Any CPU
		{67FBD0C3-3EC9-44B3-8968-6C36D14C5372}.Debug|Any CPU.Build.0 = Debug|Any CPU
		{67FBD0C3-3EC9-44B3-8968-6C36D14C5372}.Release|Any CPU.ActiveCfg = Release|Any CPU
		{67FBD0C3-3EC9-44B3-8968-6C36D14C5372}.Release|Any CPU.Build.0 = Release|Any CPU
	EndGlobalSection
	GlobalSection(SolutionProperties) = preSolution
		HideSolutionNode = FALSE
	EndGlobalSection
	GlobalSection(ExtensibilityGlobals) = postSolution
		SolutionGuid = {1294ED16-ECD6-4164-9577-59E81698DB8F}
	EndGlobalSection
EndGlobal
